
Microsoft Visual Studio Solution File, Format Version 12.00
# Visual Studio Version 17
VisualStudioVersion = 17.14.36109.1
MinimumVisualStudioVersion = 10.0.40219.1
Project("{FAE04EC0-301F-11D3-BF4B-00C04F79EFBC}") = "ReFrameAudio", "ReFrameAudio.csproj", "{71C55290-071E-4D90-B90C-DDA005AE38A8}"
EndProject
Global
	GlobalSection(SolutionConfigurationPlatforms) = preSolution
		Debug|Any CPU = Debug|Any CPU
		Release|Any CPU = Release|Any CPU
	EndGlobalSection
	GlobalSection(ProjectConfigurationPlatforms) = postSolution
		{71C55290-071E-4D90-B90C-DDA005AE38A8}.Debug|Any CPU.ActiveCfg = Debug|Any CPU
		{71C55290-071E-4D90-B90C-DDA005AE38A8}.Debug|Any CPU.Build.0 = Debug|Any CPU
		{71C55290-071E-4D90-B90C-DDA005AE38A8}.Release|Any CPU.ActiveCfg = Release|Any CPU
		{71C55290-071E-4D90-B90C-DDA005AE38A8}.Release|Any CPU.Build.0 = Release|Any CPU
	EndGlobalSection
	GlobalSection(SolutionProperties) = preSolution
		HideSolutionNode = FALSE
	EndGlobalSection
	GlobalSection(ExtensibilityGlobals) = postSolution
		SolutionGuid = {B8DA8A42-2672-4893-A107-C1C3C2A2C363}
	EndGlobalSection
EndGlobal
